
Microsoft Visual Studio Solution File, Format Version 12.00
# Visual Studio Version 17
VisualStudioVersion = 17.0.32112.339
MinimumVisualStudioVersion = 10.0.40219.1
Project("{FAE04EC0-301F-11D3-BF4B-00C04F79EFBC}") = "WindowsFormsApp6", "WindowsFormsApp6\WindowsFormsApp6.csproj", "{7A6E37C3-34FA-4B31-9D5F-F8121B84FBA3}"
EndProject
Global
	GlobalSection(SolutionConfigurationPlatforms) = preSolution
		Debug|Any CPU = Debug|Any CPU
		Release|Any CPU = Release|Any CPU
	EndGlobalSection
	GlobalSection(ProjectConfigurationPlatforms) = postSolution
		{7A6E37C3-34FA-4B31-9D5F-F8121B84FBA3}.Debug|Any CPU.ActiveCfg = Debug|Any CPU
		{7A6E37C3-34FA-4B31-9D5F-F8121B84FBA3}.Debug|Any CPU.Build.0 = Debug|Any CPU
		{7A6E37C3-34FA-4B31-9D5F-F8121B84FBA3}.Release|Any CPU.ActiveCfg = Release|Any CPU
		{7A6E37C3-34FA-4B31-9D5F-F8121B84FBA3}.Release|Any CPU.Build.0 = Release|Any CPU
	EndGlobalSection
	GlobalSection(SolutionProperties) = preSolution
		HideSolutionNode = FALSE
	EndGlobalSection
	GlobalSection(ExtensibilityGlobals) = postSolution
		SolutionGuid = {29EE6CCD-820F-4152-8EE5-F18691A55B29}
	EndGlobalSection
EndGlobal
